
Microsoft Visual Studio Solution File, Format Version 12.00
# Visual Studio Version 17
VisualStudioVersion = 17.6.33815.320
MinimumVisualStudioVersion = 10.0.40219.1
Project("{9A19103F-16F7-4668-BE54-9A1E7A4F7556}") = "Fischless", "Desktop\Fischless\Fischless.csproj", "{02C11777-12B7-4E41-AD55-2FE0A5F0C5E4}"
EndProject
Project("{2150E333-8FDC-42A3-9474-1A3956D46DE8}") = "Desktop", "Desktop", "{2944494E-EB09-4387-9677-BB38A224A624}"
EndProject
Project("{2150E333-8FDC-42A3-9474-1A3956D46DE8}") = "Common", "Common", "{53B99E64-B289-4394-8C49-241B0CB015D7}"
EndProject
Project("{2150E333-8FDC-42A3-9474-1A3956D46DE8}") = "External", "External", "{B4DB293D-352B-4733-AC07-A9B1465FB7FF}"
EndProject
Project("{9A19103F-16F7-4668-BE54-9A1E7A4F7556}") = "Fischless.Common", "Common\Fischless.Common\Fischless.Common.csproj", "{2E8AE929-DC62-4C72-B7C7-FAEA1B5CAB12}"
EndProject
Project("{9A19103F-16F7-4668-BE54-9A1E7A4F7556}") = "Fischless.Native", "Common\Fischless.Native\Fischless.Native.csproj", "{DA7E3FFC-B647-404A-B083-AE510C307761}"
EndProject
Project("{9A19103F-16F7-4668-BE54-9A1E7A4F7556}") = "Fischless.Hosting", "Common\Fischless.Hosting\Fischless.Hosting.csproj", "{35BF9D30-AF8E-47DF-BA1A-D0E6BEC178EB}"
EndProject
Project("{9A19103F-16F7-4668-BE54-9A1E7A4F7556}") = "Markdig.Wpf", "External\Markdig.Wpf\Markdig.Wpf.csproj", "{72FB21F0-EDDC-4F9D-AA2B-37DDB1181451}"
EndProject
Project("{2150E333-8FDC-42A3-9474-1A3956D46DE8}") = "Solution Items", "Solution Items", "{1A1A92E3-AE80-42B2-BBDF-091182E174BD}"
	ProjectSection(SolutionItems) = preProject
		.editorconfig = .editorconfig
	EndProjectSection
EndProject
Project("{9A19103F-16F7-4668-BE54-9A1E7A4F7556}") = "Fischless.Mapper", "Common\Fischless.Mapper\Fischless.Mapper.csproj", "{C52C692B-6D5E-48AD-BC53-C0BB4DECD283}"
EndProject
Project("{9A19103F-16F7-4668-BE54-9A1E7A4F7556}") = "Fischless.AppCenter", "Common\Fischless.AppCenter\Fischless.AppCenter.csproj", "{00F06A42-E296-4132-95DF-88AC1C3E3915}"
EndProject
Project("{9A19103F-16F7-4668-BE54-9A1E7A4F7556}") = "Fischless.Threading", "Common\Fischless.Threading\Fischless.Threading.csproj", "{183C638A-88F4-46D6-A2AF-844DE8FF13EA}"
EndProject
Project("{2150E333-8FDC-42A3-9474-1A3956D46DE8}") = "Plugins", "Plugins", "{B5E6C855-D52D-4501-9D85-F05A17F9AB80}"
EndProject
Project("{9A19103F-16F7-4668-BE54-9A1E7A4F7556}") = "Fischless.Plugin.Abstractions", "Plugins\Fischless.Plugin.Abstractions\Fischless.Plugin.Abstractions.csproj", "{EE03913A-8E7E-49D3-A4C1-75744ECC0616}"
EndProject
Project("{9A19103F-16F7-4668-BE54-9A1E7A4F7556}") = "Fischless.Plugin.Demo", "Plugins\Fischless.Plugin.Demo\Fischless.Plugin.Demo.csproj", "{E69CC415-FEB7-4C0B-9747-38C50E4EBFE8}"
EndProject
Project("{9A19103F-16F7-4668-BE54-9A1E7A4F7556}") = "Fischless.Configuration", "Common\Fischless.Configuration\Fischless.Configuration.csproj", "{5EE58231-8E18-43FC-856B-16B9776E0685}"
EndProject
Project("{9A19103F-16F7-4668-BE54-9A1E7A4F7556}") = "Fischless.Globalization", "Common\Fischless.Globalization\Fischless.Globalization.csproj", "{DE0C7DE4-2D83-4DC7-A616-EB7B66ACEC22}"
EndProject
Project("{9A19103F-16F7-4668-BE54-9A1E7A4F7556}") = "Fischless.Design", "Common\Fischless.Design\Fischless.Design.csproj", "{A935D579-40BB-45D3-96E4-2B10A3AB6DBE}"
EndProject
Project("{9A19103F-16F7-4668-BE54-9A1E7A4F7556}") = "Fischless.Fetch", "Desktop\Fischless.Fetch\Fischless.Fetch.csproj", "{57CD15FE-633C-42C8-B8E4-DC0D2176A029}"
EndProject
Project("{9A19103F-16F7-4668-BE54-9A1E7A4F7556}") = "Fischless.Hoyolab", "Desktop\Fischless.Hoyolab\Fischless.Hoyolab.csproj", "{8892E40A-CDCE-4102-8998-4551564163F3}"
EndProject
Project("{9A19103F-16F7-4668-BE54-9A1E7A4F7556}") = "Fischless.Mvvm", "Common\Fischless.Mvvm\Fischless.Mvvm.csproj", "{DAE9FF89-8D24-4C30-B770-CAAD6AA86674}"
EndProject
Project("{9A19103F-16F7-4668-BE54-9A1E7A4F7556}") = "Fischless.WindowCapture", "Desktop\Fischless.WindowCapture\Fischless.WindowCapture.csproj", "{21565194-34A2-4B43-A36A-D48F71943325}"
EndProject
Project("{9A19103F-16F7-4668-BE54-9A1E7A4F7556}") = "Fischless.KeyboardCapture", "Desktop\Fischless.KeyboardCapture\Fischless.KeyboardCapture.csproj", "{E8BDFFDD-205B-4246-B46C-55DB01899EB1}"
EndProject
Project("{9A19103F-16F7-4668-BE54-9A1E7A4F7556}") = "Fischless.WindowsInput", "Desktop\Fischless.WindowsInput\Fischless.WindowsInput.csproj", "{DD218209-DDAC-4ED7-A14B-A8AEC7037406}"
EndProject
Project("{9A19103F-16F7-4668-BE54-9A1E7A4F7556}") = "Fischless.HotkeyCapture", "Desktop\Fischless.HotkeyCapture\Fischless.HotkeyCapture.csproj", "{4EEE47AA-A34C-46CF-AA88-F90B4B752E40}"
EndProject
Project("{9A19103F-16F7-4668-BE54-9A1E7A4F7556}") = "Fischless.Logging", "Common\Fischless.Logging\Fischless.Logging.csproj", "{6493D449-59EF-47A6-B6B2-D8033E2FF6C6}"
EndProject
Project("{9A19103F-16F7-4668-BE54-9A1E7A4F7556}") = "Fischless.Compression", "Common\Fischless.Compression\Fischless.Compression.csproj", "{7BFCFC76-A796-4C0E-A4D0-9AD91EDFC08E}"
EndProject
Project("{9A19103F-16F7-4668-BE54-9A1E7A4F7556}") = "Fischless.ModelViewer", "Desktop\Fischless.ModelViewer\Fischless.ModelViewer.csproj", "{33503218-CB83-4B83-B3C8-0E2358B4D108}"
EndProject
Project("{9A19103F-16F7-4668-BE54-9A1E7A4F7556}") = "Fischless.Plugin.DisplayDefault", "Plugins\Fischless.Plugin.DisplayDefault\Fischless.Plugin.DisplayDefault.csproj", "{24B1EFF5-0073-4B6A-83C8-BF4AFB718832}"
EndProject
Project("{9A19103F-16F7-4668-BE54-9A1E7A4F7556}") = "Fischless.Plugin.RepairRegedit", "Plugins\Fischless.Plugin.RepairRegedit\Fischless.Plugin.RepairRegedit.csproj", "{4737BA93-6AB6-49A6-8EE4-EF46A5613EB1}"
EndProject
Project("{9A19103F-16F7-4668-BE54-9A1E7A4F7556}") = "Fischless.Diagnostics", "Common\Fischless.Diagnostics\Fischless.Diagnostics.csproj", "{ABF0A04F-D6DF-4140-93B9-9BC4D4C4E016}"
EndProject
Project("{2150E333-8FDC-42A3-9474-1A3956D46DE8}") = "Indeed", "Indeed", "{E5066E35-23C6-4F4E-8FDE-70EDE1745346}"
EndProject
Project("{9A19103F-16F7-4668-BE54-9A1E7A4F7556}") = "Fischless.SnapCharacter", "Indeed\Fischless.SnapCharacter\Fischless.SnapCharacter.csproj", "{A7D3462E-007A-406E-9AB2-D665D0A63098}"
EndProject
Project("{9A19103F-16F7-4668-BE54-9A1E7A4F7556}") = "Fischless.Plugin.LaunchHyperion", "Plugins\Fischless.Plugin.LaunchHyperion\Fischless.Plugin.LaunchHyperion.csproj", "{A6BE0346-55C4-4351-968C-E5B5CE758EC0}"
EndProject
Project("{2150E333-8FDC-42A3-9474-1A3956D46DE8}") = "Deploy", "Deploy", "{2CD795BB-B93D-4DF1-B2D6-C73E0D83C98F}"
EndProject
Project("{9A19103F-16F7-4668-BE54-9A1E7A4F7556}") = "MicaSetup", "..\build\MicaSetup\MicaSetup.csproj", "{CCE92E62-B01C-4110-ACBD-F76B1E13E393}"
EndProject
Project("{9A19103F-16F7-4668-BE54-9A1E7A4F7556}") = "MicaSetup.Uninst", "..\build\MicaSetup\MicaSetup.Uninst.csproj", "{333475B4-D760-4D14-A60E-70019713F7D1}"
EndProject
Project("{9A19103F-16F7-4668-BE54-9A1E7A4F7556}") = "Fischless.Plugin.Borderless", "Plugins\Fischless.Plugin.Borderless\Fischless.Plugin.Borderless.csproj", "{9649F9E3-C446-4D5F-9AB2-56FC335A38D3}"
EndProject
Project("{9A19103F-16F7-4668-BE54-9A1E7A4F7556}") = "Fischless.MouseCapture", "Desktop\Fischless.MouseCapture\Fischless.MouseCapture.csproj", "{6915E8A6-6F65-4148-839B-A9176B90EE3E}"
EndProject
Project("{9A19103F-16F7-4668-BE54-9A1E7A4F7556}") = "Fischless.Plugin.LaunchBetterGI", "Plugins\Fischless.Plugin.LaunchBetterGI\Fischless.Plugin.LaunchBetterGI.csproj", "{D0008CC1-869A-4BD9-B61E-6BE388EF15D3}"
EndProject
Global
	GlobalSection(SolutionConfigurationPlatforms) = preSolution
		Debug|x64 = Debug|x64
		Release|x64 = Release|x64
	EndGlobalSection
	GlobalSection(ProjectConfigurationPlatforms) = postSolution
		{02C11777-12B7-4E41-AD55-2FE0A5F0C5E4}.Debug|x64.ActiveCfg = Debug|x64
		{02C11777-12B7-4E41-AD55-2FE0A5F0C5E4}.Debug|x64.Build.0 = Debug|x64
		{02C11777-12B7-4E41-AD55-2FE0A5F0C5E4}.Release|x64.ActiveCfg = Release|x64
		{02C11777-12B7-4E41-AD55-2FE0A5F0C5E4}.Release|x64.Build.0 = Release|x64
		{2E8AE929-DC62-4C72-B7C7-FAEA1B5CAB12}.Debug|x64.ActiveCfg = Debug|x64
		{2E8AE929-DC62-4C72-B7C7-FAEA1B5CAB12}.Debug|x64.Build.0 = Debug|x64
		{2E8AE929-DC62-4C72-B7C7-FAEA1B5CAB12}.Release|x64.ActiveCfg = Release|x64
		{2E8AE929-DC62-4C72-B7C7-FAEA1B5CAB12}.Release|x64.Build.0 = Release|x64
		{DA7E3FFC-B647-404A-B083-AE510C307761}.Debug|x64.ActiveCfg = Debug|x64
		{DA7E3FFC-B647-404A-B083-AE510C307761}.Debug|x64.Build.0 = Debug|x64
		{DA7E3FFC-B647-404A-B083-AE510C307761}.Release|x64.ActiveCfg = Release|x64
		{DA7E3FFC-B647-404A-B083-AE510C307761}.Release|x64.Build.0 = Release|x64
		{35BF9D30-AF8E-47DF-BA1A-D0E6BEC178EB}.Debug|x64.ActiveCfg = Debug|x64
		{35BF9D30-AF8E-47DF-BA1A-D0E6BEC178EB}.Debug|x64.Build.0 = Debug|x64
		{35BF9D30-AF8E-47DF-BA1A-D0E6BEC178EB}.Release|x64.ActiveCfg = Release|x64
		{35BF9D30-AF8E-47DF-BA1A-D0E6BEC178EB}.Release|x64.Build.0 = Release|x64
		{72FB21F0-EDDC-4F9D-AA2B-37DDB1181451}.Debug|x64.ActiveCfg = Debug|x64
		{72FB21F0-EDDC-4F9D-AA2B-37DDB1181451}.Debug|x64.Build.0 = Debug|x64
		{72FB21F0-EDDC-4F9D-AA2B-37DDB1181451}.Release|x64.ActiveCfg = Release|x64
		{72FB21F0-EDDC-4F9D-AA2B-37DDB1181451}.Release|x64.Build.0 = Release|x64
		{C52C692B-6D5E-48AD-BC53-C0BB4DECD283}.Debug|x64.ActiveCfg = Debug|x64
		{C52C692B-6D5E-48AD-BC53-C0BB4DECD283}.Debug|x64.Build.0 = Debug|x64
		{C52C692B-6D5E-48AD-BC53-C0BB4DECD283}.Release|x64.ActiveCfg = Release|x64
		{C52C692B-6D5E-48AD-BC53-C0BB4DECD283}.Release|x64.Build.0 = Release|x64
		{00F06A42-E296-4132-95DF-88AC1C3E3915}.Debug|x64.ActiveCfg = Debug|x64
		{00F06A42-E296-4132-95DF-88AC1C3E3915}.Debug|x64.Build.0 = Debug|x64
		{00F06A42-E296-4132-95DF-88AC1C3E3915}.Release|x64.ActiveCfg = Release|x64
		{00F06A42-E296-4132-95DF-88AC1C3E3915}.Release|x64.Build.0 = Release|x64
		{183C638A-88F4-46D6-A2AF-844DE8FF13EA}.Debug|x64.ActiveCfg = Debug|x64
		{183C638A-88F4-46D6-A2AF-844DE8FF13EA}.Debug|x64.Build.0 = Debug|x64
		{183C638A-88F4-46D6-A2AF-844DE8FF13EA}.Release|x64.ActiveCfg = Release|x64
		{183C638A-88F4-46D6-A2AF-844DE8FF13EA}.Release|x64.Build.0 = Release|x64
		{EE03913A-8E7E-49D3-A4C1-75744ECC0616}.Debug|x64.ActiveCfg = Debug|x64
		{EE03913A-8E7E-49D3-A4C1-75744ECC0616}.Debug|x64.Build.0 = Debug|x64
		{EE03913A-8E7E-49D3-A4C1-75744ECC0616}.Release|x64.ActiveCfg = Release|x64
		{EE03913A-8E7E-49D3-A4C1-75744ECC0616}.Release|x64.Build.0 = Release|x64
		{E69CC415-FEB7-4C0B-9747-38C50E4EBFE8}.Debug|x64.ActiveCfg = Debug|x64
		{E69CC415-FEB7-4C0B-9747-38C50E4EBFE8}.Debug|x64.Build.0 = Debug|x64
		{E69CC415-FEB7-4C0B-9747-38C50E4EBFE8}.Release|x64.ActiveCfg = Release|x64
		{E69CC415-FEB7-4C0B-9747-38C50E4EBFE8}.Release|x64.Build.0 = Release|x64
		{5EE58231-8E18-43FC-856B-16B9776E0685}.Debug|x64.ActiveCfg = Debug|x64
		{5EE58231-8E18-43FC-856B-16B9776E0685}.Debug|x64.Build.0 = Debug|x64
		{5EE58231-8E18-43FC-856B-16B9776E0685}.Release|x64.ActiveCfg = Release|x64
		{5EE58231-8E18-43FC-856B-16B9776E0685}.Release|x64.Build.0 = Release|x64
		{DE0C7DE4-2D83-4DC7-A616-EB7B66ACEC22}.Debug|x64.ActiveCfg = Debug|x64
		{DE0C7DE4-2D83-4DC7-A616-EB7B66ACEC22}.Debug|x64.Build.0 = Debug|x64
		{DE0C7DE4-2D83-4DC7-A616-EB7B66ACEC22}.Release|x64.ActiveCfg = Release|x64
		{DE0C7DE4-2D83-4DC7-A616-EB7B66ACEC22}.Release|x64.Build.0 = Release|x64
		{A935D579-40BB-45D3-96E4-2B10A3AB6DBE}.Debug|x64.ActiveCfg = Debug|x64
		{A935D579-40BB-45D3-96E4-2B10A3AB6DBE}.Debug|x64.Build.0 = Debug|x64
		{A935D579-40BB-45D3-96E4-2B10A3AB6DBE}.Release|x64.ActiveCfg = Release|x64
		{A935D579-40BB-45D3-96E4-2B10A3AB6DBE}.Release|x64.Build.0 = Release|x64
		{57CD15FE-633C-42C8-B8E4-DC0D2176A029}.Debug|x64.ActiveCfg = Debug|x64
		{57CD15FE-633C-42C8-B8E4-DC0D2176A029}.Debug|x64.Build.0 = Debug|x64
		{57CD15FE-633C-42C8-B8E4-DC0D2176A029}.Release|x64.ActiveCfg = Release|x64
		{57CD15FE-633C-42C8-B8E4-DC0D2176A029}.Release|x64.Build.0 = Release|x64
		{8892E40A-CDCE-4102-8998-4551564163F3}.Debug|x64.ActiveCfg = Debug|x64
		{8892E40A-CDCE-4102-8998-4551564163F3}.Debug|x64.Build.0 = Debug|x64
		{8892E40A-CDCE-4102-8998-4551564163F3}.Release|x64.ActiveCfg = Release|x64
		{8892E40A-CDCE-4102-8998-4551564163F3}.Release|x64.Build.0 = Release|x64
		{DAE9FF89-8D24-4C30-B770-CAAD6AA86674}.Debug|x64.ActiveCfg = Debug|x64
		{DAE9FF89-8D24-4C30-B770-CAAD6AA86674}.Debug|x64.Build.0 = Debug|x64
		{DAE9FF89-8D24-4C30-B770-CAAD6AA86674}.Release|x64.ActiveCfg = Release|x64
		{DAE9FF89-8D24-4C30-B770-CAAD6AA86674}.Release|x64.Build.0 = Release|x64
		{21565194-34A2-4B43-A36A-D48F71943325}.Debug|x64.ActiveCfg = Debug|x64
		{21565194-34A2-4B43-A36A-D48F71943325}.Debug|x64.Build.0 = Debug|x64
		{21565194-34A2-4B43-A36A-D48F71943325}.Release|x64.ActiveCfg = Release|x64
		{21565194-34A2-4B43-A36A-D48F71943325}.Release|x64.Build.0 = Release|x64
		{E8BDFFDD-205B-4246-B46C-55DB01899EB1}.Debug|x64.ActiveCfg = Debug|x64
		{E8BDFFDD-205B-4246-B46C-55DB01899EB1}.Debug|x64.Build.0 = Debug|x64
		{E8BDFFDD-205B-4246-B46C-55DB01899EB1}.Release|x64.ActiveCfg = Release|x64
		{E8BDFFDD-205B-4246-B46C-55DB01899EB1}.Release|x64.Build.0 = Release|x64
		{DD218209-DDAC-4ED7-A14B-A8AEC7037406}.Debug|x64.ActiveCfg = Debug|x64
		{DD218209-DDAC-4ED7-A14B-A8AEC7037406}.Debug|x64.Build.0 = Debug|x64
		{DD218209-DDAC-4ED7-A14B-A8AEC7037406}.Release|x64.ActiveCfg = Release|x64
		{DD218209-DDAC-4ED7-A14B-A8AEC7037406}.Release|x64.Build.0 = Release|x64
		{4EEE47AA-A34C-46CF-AA88-F90B4B752E40}.Debug|x64.ActiveCfg = Debug|x64
		{4EEE47AA-A34C-46CF-AA88-F90B4B752E40}.Debug|x64.Build.0 = Debug|x64
		{4EEE47AA-A34C-46CF-AA88-F90B4B752E40}.Release|x64.ActiveCfg = Release|x64
		{4EEE47AA-A34C-46CF-AA88-F90B4B752E40}.Release|x64.Build.0 = Release|x64
		{6493D449-59EF-47A6-B6B2-D8033E2FF6C6}.Debug|x64.ActiveCfg = Debug|x64
		{6493D449-59EF-47A6-B6B2-D8033E2FF6C6}.Debug|x64.Build.0 = Debug|x64
		{6493D449-59EF-47A6-B6B2-D8033E2FF6C6}.Release|x64.ActiveCfg = Release|x64
		{6493D449-59EF-47A6-B6B2-D8033E2FF6C6}.Release|x64.Build.0 = Release|x64
		{7BFCFC76-A796-4C0E-A4D0-9AD91EDFC08E}.Debug|x64.ActiveCfg = Debug|x64
		{7BFCFC76-A796-4C0E-A4D0-9AD91EDFC08E}.Debug|x64.Build.0 = Debug|x64
		{7BFCFC76-A796-4C0E-A4D0-9AD91EDFC08E}.Release|x64.ActiveCfg = Release|x64
		{7BFCFC76-A796-4C0E-A4D0-9AD91EDFC08E}.Release|x64.Build.0 = Release|x64
		{33503218-CB83-4B83-B3C8-0E2358B4D108}.Debug|x64.ActiveCfg = Debug|x64
		{33503218-CB83-4B83-B3C8-0E2358B4D108}.Debug|x64.Build.0 = Debug|x64
		{33503218-CB83-4B83-B3C8-0E2358B4D108}.Release|x64.ActiveCfg = Release|x64
		{33503218-CB83-4B83-B3C8-0E2358B4D108}.Release|x64.Build.0 = Release|x64
		{24B1EFF5-0073-4B6A-83C8-BF4AFB718832}.Debug|x64.ActiveCfg = Debug|x64
		{24B1EFF5-0073-4B6A-83C8-BF4AFB718832}.Debug|x64.Build.0 = Debug|x64
		{24B1EFF5-0073-4B6A-83C8-BF4AFB718832}.Release|x64.ActiveCfg = Release|x64
		{24B1EFF5-0073-4B6A-83C8-BF4AFB718832}.Release|x64.Build.0 = Release|x64
		{4737BA93-6AB6-49A6-8EE4-EF46A5613EB1}.Debug|x64.ActiveCfg = Debug|x64
		{4737BA93-6AB6-49A6-8EE4-EF46A5613EB1}.Debug|x64.Build.0 = Debug|x64
		{4737BA93-6AB6-49A6-8EE4-EF46A5613EB1}.Release|x64.ActiveCfg = Release|x64
		{4737BA93-6AB6-49A6-8EE4-EF46A5613EB1}.Release|x64.Build.0 = Release|x64
		{ABF0A04F-D6DF-4140-93B9-9BC4D4C4E016}.Debug|x64.ActiveCfg = Debug|x64
		{ABF0A04F-D6DF-4140-93B9-9BC4D4C4E016}.Debug|x64.Build.0 = Debug|x64
		{ABF0A04F-D6DF-4140-93B9-9BC4D4C4E016}.Release|x64.ActiveCfg = Release|x64
		{ABF0A04F-D6DF-4140-93B9-9BC4D4C4E016}.Release|x64.Build.0 = Release|x64
		{A7D3462E-007A-406E-9AB2-D665D0A63098}.Debug|x64.ActiveCfg = Debug|x64
		{A7D3462E-007A-406E-9AB2-D665D0A63098}.Debug|x64.Build.0 = Debug|x64
		{A7D3462E-007A-406E-9AB2-D665D0A63098}.Release|x64.ActiveCfg = Release|x64
		{A7D3462E-007A-406E-9AB2-D665D0A63098}.Release|x64.Build.0 = Release|x64
		{A6BE0346-55C4-4351-968C-E5B5CE758EC0}.Debug|x64.ActiveCfg = Debug|x64
		{A6BE0346-55C4-4351-968C-E5B5CE758EC0}.Debug|x64.Build.0 = Debug|x64
		{A6BE0346-55C4-4351-968C-E5B5CE758EC0}.Release|x64.ActiveCfg = Release|x64
		{A6BE0346-55C4-4351-968C-E5B5CE758EC0}.Release|x64.Build.0 = Release|x64
		{CCE92E62-B01C-4110-ACBD-F76B1E13E393}.Debug|x64.ActiveCfg = Debug|x64
		{CCE92E62-B01C-4110-ACBD-F76B1E13E393}.Debug|x64.Build.0 = Debug|x64
		{CCE92E62-B01C-4110-ACBD-F76B1E13E393}.Release|x64.ActiveCfg = Release|x64
		{CCE92E62-B01C-4110-ACBD-F76B1E13E393}.Release|x64.Build.0 = Release|x64
		{333475B4-D760-4D14-A60E-70019713F7D1}.Debug|x64.ActiveCfg = Debug|x64
		{333475B4-D760-4D14-A60E-70019713F7D1}.Debug|x64.Build.0 = Debug|x64
		{333475B4-D760-4D14-A60E-70019713F7D1}.Release|x64.ActiveCfg = Release|x64
		{333475B4-D760-4D14-A60E-70019713F7D1}.Release|x64.Build.0 = Release|x64
		{9649F9E3-C446-4D5F-9AB2-56FC335A38D3}.Debug|x64.ActiveCfg = Debug|x64
		{9649F9E3-C446-4D5F-9AB2-56FC335A38D3}.Debug|x64.Build.0 = Debug|x64
		{9649F9E3-C446-4D5F-9AB2-56FC335A38D3}.Release|x64.ActiveCfg = Release|x64
		{9649F9E3-C446-4D5F-9AB2-56FC335A38D3}.Release|x64.Build.0 = Release|x64
		{6915E8A6-6F65-4148-839B-A9176B90EE3E}.Debug|x64.ActiveCfg = Debug|x64
		{6915E8A6-6F65-4148-839B-A9176B90EE3E}.Debug|x64.Build.0 = Debug|x64
		{6915E8A6-6F65-4148-839B-A9176B90EE3E}.Release|x64.ActiveCfg = Release|x64
		{6915E8A6-6F65-4148-839B-A9176B90EE3E}.Release|x64.Build.0 = Release|x64
		{D0008CC1-869A-4BD9-B61E-6BE388EF15D3}.Debug|x64.ActiveCfg = Debug|x64
		{D0008CC1-869A-4BD9-B61E-6BE388EF15D3}.Debug|x64.Build.0 = Debug|x64
		{D0008CC1-869A-4BD9-B61E-6BE388EF15D3}.Release|x64.ActiveCfg = Release|x64
		{D0008CC1-869A-4BD9-B61E-6BE388EF15D3}.Release|x64.Build.0 = Release|x64
	EndGlobalSection
	GlobalSection(SolutionProperties) = preSolution
		HideSolutionNode = FALSE
	EndGlobalSection
	GlobalSection(NestedProjects) = preSolution
		{02C11777-12B7-4E41-AD55-2FE0A5F0C5E4} = {2944494E-EB09-4387-9677-BB38A224A624}
		{2E8AE929-DC62-4C72-B7C7-FAEA1B5CAB12} = {53B99E64-B289-4394-8C49-241B0CB015D7}
		{DA7E3FFC-B647-404A-B083-AE510C307761} = {53B99E64-B289-4394-8C49-241B0CB015D7}
		{35BF9D30-AF8E-47DF-BA1A-D0E6BEC178EB} = {53B99E64-B289-4394-8C49-241B0CB015D7}
		{72FB21F0-EDDC-4F9D-AA2B-37DDB1181451} = {B4DB293D-352B-4733-AC07-A9B1465FB7FF}
		{C52C692B-6D5E-48AD-BC53-C0BB4DECD283} = {53B99E64-B289-4394-8C49-241B0CB015D7}
		{00F06A42-E296-4132-95DF-88AC1C3E3915} = {53B99E64-B289-4394-8C49-241B0CB015D7}
		{183C638A-88F4-46D6-A2AF-844DE8FF13EA} = {53B99E64-B289-4394-8C49-241B0CB015D7}
		{EE03913A-8E7E-49D3-A4C1-75744ECC0616} = {B5E6C855-D52D-4501-9D85-F05A17F9AB80}
		{E69CC415-FEB7-4C0B-9747-38C50E4EBFE8} = {B5E6C855-D52D-4501-9D85-F05A17F9AB80}
		{5EE58231-8E18-43FC-856B-16B9776E0685} = {53B99E64-B289-4394-8C49-241B0CB015D7}
		{DE0C7DE4-2D83-4DC7-A616-EB7B66ACEC22} = {53B99E64-B289-4394-8C49-241B0CB015D7}
		{A935D579-40BB-45D3-96E4-2B10A3AB6DBE} = {53B99E64-B289-4394-8C49-241B0CB015D7}
		{57CD15FE-633C-42C8-B8E4-DC0D2176A029} = {2944494E-EB09-4387-9677-BB38A224A624}
		{8892E40A-CDCE-4102-8998-4551564163F3} = {2944494E-EB09-4387-9677-BB38A224A624}
		{DAE9FF89-8D24-4C30-B770-CAAD6AA86674} = {53B99E64-B289-4394-8C49-241B0CB015D7}
		{21565194-34A2-4B43-A36A-D48F71943325} = {2944494E-EB09-4387-9677-BB38A224A624}
		{E8BDFFDD-205B-4246-B46C-55DB01899EB1} = {2944494E-EB09-4387-9677-BB38A224A624}
		{DD218209-DDAC-4ED7-A14B-A8AEC7037406} = {2944494E-EB09-4387-9677-BB38A224A624}
		{4EEE47AA-A34C-46CF-AA88-F90B4B752E40} = {2944494E-EB09-4387-9677-BB38A224A624}
		{6493D449-59EF-47A6-B6B2-D8033E2FF6C6} = {53B99E64-B289-4394-8C49-241B0CB015D7}
		{7BFCFC76-A796-4C0E-A4D0-9AD91EDFC08E} = {53B99E64-B289-4394-8C49-241B0CB015D7}
		{33503218-CB83-4B83-B3C8-0E2358B4D108} = {2944494E-EB09-4387-9677-BB38A224A624}
		{24B1EFF5-0073-4B6A-83C8-BF4AFB718832} = {B5E6C855-D52D-4501-9D85-F05A17F9AB80}
		{4737BA93-6AB6-49A6-8EE4-EF46A5613EB1} = {B5E6C855-D52D-4501-9D85-F05A17F9AB80}
		{ABF0A04F-D6DF-4140-93B9-9BC4D4C4E016} = {53B99E64-B289-4394-8C49-241B0CB015D7}
		{A7D3462E-007A-406E-9AB2-D665D0A63098} = {E5066E35-23C6-4F4E-8FDE-70EDE1745346}
		{A6BE0346-55C4-4351-968C-E5B5CE758EC0} = {B5E6C855-D52D-4501-9D85-F05A17F9AB80}
		{CCE92E62-B01C-4110-ACBD-F76B1E13E393} = {2CD795BB-B93D-4DF1-B2D6-C73E0D83C98F}
		{333475B4-D760-4D14-A60E-70019713F7D1} = {2CD795BB-B93D-4DF1-B2D6-C73E0D83C98F}
		{9649F9E3-C446-4D5F-9AB2-56FC335A38D3} = {B5E6C855-D52D-4501-9D85-F05A17F9AB80}
		{6915E8A6-6F65-4148-839B-A9176B90EE3E} = {2944494E-EB09-4387-9677-BB38A224A624}
		{D0008CC1-869A-4BD9-B61E-6BE388EF15D3} = {B5E6C855-D52D-4501-9D85-F05A17F9AB80}
	EndGlobalSection
	GlobalSection(ExtensibilityGlobals) = postSolution
		SolutionGuid = {2462D6EC-60E1-4B87-ABBA-B6F469E44A3A}
		RESX_SortFileContentOnSave = True
	EndGlobalSection
EndGlobal
