
Microsoft Visual Studio Solution File, Format Version 12.00
# Visual Studio Version 17
VisualStudioVersion = 17.6.33815.320
MinimumVisualStudioVersion = 10.0.40219.1
Project("{9A19103F-16F7-4668-BE54-9A1E7A4F7556}") = "Fischless", "Desktop\Fischless\Fischless.csproj", "{02C11777-12B7-4E41-AD55-2FE0A5F0C5E4}"
EndProject
Project("{2150E333-8FDC-42A3-9474-1A3956D46DE8}") = "Desktop", "Desktop", "{2944494E-EB09-4387-9677-BB38A224A624}"
EndProject
Project("{2150E333-8FDC-42A3-9474-1A3956D46DE8}") = "Common", "Common", "{53B99E64-B289-4394-8C49-241B0CB015D7}"
EndProject
Project("{2150E333-8FDC-42A3-9474-1A3956D46DE8}") = "External", "External", "{B4DB293D-352B-4733-AC07-A9B1465FB7FF}"
EndProject
Project("{9A19103F-16F7-4668-BE54-9A1E7A4F7556}") = "Fischless.Common", "Common\Fischless.Common\Fischless.Common.csproj", "{2E8AE929-DC62-4C72-B7C7-FAEA1B5CAB12}"
EndProject
Project("{9A19103F-16F7-4668-BE54-9A1E7A4F7556}") = "Fischless.Native", "Common\Fischless.Native\Fischless.Native.csproj", "{DA7E3FFC-B647-404A-B083-AE510C307761}"
EndProject
Project("{9A19103F-16F7-4668-BE54-9A1E7A4F7556}") = "Fischless.Hosting", "Common\Fischless.Hosting\Fischless.Hosting.csproj", "{35BF9D30-AF8E-47DF-BA1A-D0E6BEC178EB}"
EndProject
Project("{9A19103F-16F7-4668-BE54-9A1E7A4F7556}") = "Markdig.Wpf", "External\Markdig.Wpf\Markdig.Wpf.csproj", "{72FB21F0-EDDC-4F9D-AA2B-37DDB1181451}"
EndProject
Project("{2150E333-8FDC-42A3-9474-1A3956D46DE8}") = "Solution Items", "Solution Items", "{1A1A92E3-AE80-42B2-BBDF-091182E174BD}"
	ProjectSection(SolutionItems) = preProject
		.editorconfig = .editorconfig
	EndProjectSection
EndProject
Project("{9A19103F-16F7-4668-BE54-9A1E7A4F7556}") = "Fischless.Mapper", "Common\Fischless.Mapper\Fischless.Mapper.csproj", "{C52C692B-6D5E-48AD-BC53-C0BB4DECD283}"
EndProject
Project("{9A19103F-16F7-4668-BE54-9A1E7A4F7556}") = "Fischless.AppCenter", "Common\Fischless.AppCenter\Fischless.AppCenter.csproj", "{00F06A42-E296-4132-95DF-88AC1C3E3915}"
EndProject
Project("{9A19103F-16F7-4668-BE54-9A1E7A4F7556}") = "Fischless.Threading", "Common\Fischless.Threading\Fischless.Threading.csproj", "{183C638A-88F4-46D6-A2AF-844DE8FF13EA}"
EndProject
Project("{2150E333-8FDC-42A3-9474-1A3956D46DE8}") = "Plugins", "Plugins", "{B5E6C855-D52D-4501-9D85-F05A17F9AB80}"
EndProject
Project("{9A19103F-16F7-4668-BE54-9A1E7A4F7556}") = "Fischless.Plugin.Abstractions", "Plugins\Fischless.Plugin.Abstractions\Fischless.Plugin.Abstractions.csproj", "{EE03913A-8E7E-49D3-A4C1-75744ECC0616}"
EndProject
Project("{9A19103F-16F7-4668-BE54-9A1E7A4F7556}") = "Fischless.Plugin.Demo", "Plugins\Fischless.Plugin.Demo\Fischless.Plugin.Demo.csproj", "{E69CC415-FEB7-4C0B-9747-38C50E4EBFE8}"
EndProject
Project("{9A19103F-16F7-4668-BE54-9A1E7A4F7556}") = "Fischless.Configuration", "Common\Fischless.Configuration\Fischless.Configuration.csproj", "{5EE58231-8E18-43FC-856B-16B9776E0685}"
EndProject
Project("{9A19103F-16F7-4668-BE54-9A1E7A4F7556}") = "Fischless.Globalization", "Common\Fischless.Globalization\Fischless.Globalization.csproj", "{DE0C7DE4-2D83-4DC7-A616-EB7B66ACEC22}"
EndProject
Project("{9A19103F-16F7-4668-BE54-9A1E7A4F7556}") = "Fischless.Design", "Common\Fischless.Design\Fischless.Design.csproj", "{A935D579-40BB-45D3-96E4-2B10A3AB6DBE}"
EndProject
Project("{9A19103F-16F7-4668-BE54-9A1E7A4F7556}") = "Fischless.Fetch", "Desktop\Fischless.Fetch\Fischless.Fetch.csproj", "{57CD15FE-633C-42C8-B8E4-DC0D2176A029}"
EndProject
Project("{9A19103F-16F7-4668-BE54-9A1E7A4F7556}") = "Fischless.Hoyolab", "Desktop\Fischless.Hoyolab\Fischless.Hoyolab.csproj", "{8892E40A-CDCE-4102-8998-4551564163F3}"
EndProject
Project("{9A19103F-16F7-4668-BE54-9A1E7A4F7556}") = "Fischless.Mvvm", "Common\Fischless.Mvvm\Fischless.Mvvm.csproj", "{DAE9FF89-8D24-4C30-B770-CAAD6AA86674}"
EndProject
Project("{9A19103F-16F7-4668-BE54-9A1E7A4F7556}") = "Fischless.WindowCapture", "Desktop\Fischless.WindowCapture\Fischless.WindowCapture.csproj", "{21565194-34A2-4B43-A36A-D48F71943325}"
EndProject
Project("{9A19103F-16F7-4668-BE54-9A1E7A4F7556}") = "Fischless.ReShade", "Desktop\Fischless.ReShade\Fischless.ReShade.csproj", "{F87861EB-EDCB-4D7D-8DCB-357F0A760035}"
EndProject
Project("{9A19103F-16F7-4668-BE54-9A1E7A4F7556}") = "Fischless.KeyboardCapture", "Desktop\Fischless.KeyboardCapture\Fischless.KeyboardCapture.csproj", "{E8BDFFDD-205B-4246-B46C-55DB01899EB1}"
EndProject
Project("{9A19103F-16F7-4668-BE54-9A1E7A4F7556}") = "Fischless.InputSimulator", "Desktop\Fischless.InputSimulator\Fischless.InputSimulator.csproj", "{DD218209-DDAC-4ED7-A14B-A8AEC7037406}"
EndProject
Project("{9A19103F-16F7-4668-BE54-9A1E7A4F7556}") = "Fischless.HotkeyCapture", "Desktop\Fischless.HotkeyCapture\Fischless.HotkeyCapture.csproj", "{4EEE47AA-A34C-46CF-AA88-F90B4B752E40}"
EndProject
Global
	GlobalSection(SolutionConfigurationPlatforms) = preSolution
		Debug|x64 = Debug|x64
		Release|x64 = Release|x64
	EndGlobalSection
	GlobalSection(ProjectConfigurationPlatforms) = postSolution
		{02C11777-12B7-4E41-AD55-2FE0A5F0C5E4}.Debug|x64.ActiveCfg = Debug|x64
		{02C11777-12B7-4E41-AD55-2FE0A5F0C5E4}.Debug|x64.Build.0 = Debug|x64
		{02C11777-12B7-4E41-AD55-2FE0A5F0C5E4}.Release|x64.ActiveCfg = Release|x64
		{02C11777-12B7-4E41-AD55-2FE0A5F0C5E4}.Release|x64.Build.0 = Release|x64
		{2E8AE929-DC62-4C72-B7C7-FAEA1B5CAB12}.Debug|x64.ActiveCfg = Debug|x64
		{2E8AE929-DC62-4C72-B7C7-FAEA1B5CAB12}.Debug|x64.Build.0 = Debug|x64
		{2E8AE929-DC62-4C72-B7C7-FAEA1B5CAB12}.Release|x64.ActiveCfg = Release|x64
		{2E8AE929-DC62-4C72-B7C7-FAEA1B5CAB12}.Release|x64.Build.0 = Release|x64
		{DA7E3FFC-B647-404A-B083-AE510C307761}.Debug|x64.ActiveCfg = Debug|x64
		{DA7E3FFC-B647-404A-B083-AE510C307761}.Debug|x64.Build.0 = Debug|x64
		{DA7E3FFC-B647-404A-B083-AE510C307761}.Release|x64.ActiveCfg = Release|x64
		{DA7E3FFC-B647-404A-B083-AE510C307761}.Release|x64.Build.0 = Release|x64
		{35BF9D30-AF8E-47DF-BA1A-D0E6BEC178EB}.Debug|x64.ActiveCfg = Debug|x64
		{35BF9D30-AF8E-47DF-BA1A-D0E6BEC178EB}.Debug|x64.Build.0 = Debug|x64
		{35BF9D30-AF8E-47DF-BA1A-D0E6BEC178EB}.Release|x64.ActiveCfg = Release|x64
		{35BF9D30-AF8E-47DF-BA1A-D0E6BEC178EB}.Release|x64.Build.0 = Release|x64
		{72FB21F0-EDDC-4F9D-AA2B-37DDB1181451}.Debug|x64.ActiveCfg = Debug|x64
		{72FB21F0-EDDC-4F9D-AA2B-37DDB1181451}.Debug|x64.Build.0 = Debug|x64
		{72FB21F0-EDDC-4F9D-AA2B-37DDB1181451}.Release|x64.ActiveCfg = Release|x64
		{72FB21F0-EDDC-4F9D-AA2B-37DDB1181451}.Release|x64.Build.0 = Release|x64
		{C52C692B-6D5E-48AD-BC53-C0BB4DECD283}.Debug|x64.ActiveCfg = Debug|x64
		{C52C692B-6D5E-48AD-BC53-C0BB4DECD283}.Debug|x64.Build.0 = Debug|x64
		{C52C692B-6D5E-48AD-BC53-C0BB4DECD283}.Release|x64.ActiveCfg = Release|x64
		{C52C692B-6D5E-48AD-BC53-C0BB4DECD283}.Release|x64.Build.0 = Release|x64
		{00F06A42-E296-4132-95DF-88AC1C3E3915}.Debug|x64.ActiveCfg = Debug|x64
		{00F06A42-E296-4132-95DF-88AC1C3E3915}.Debug|x64.Build.0 = Debug|x64
		{00F06A42-E296-4132-95DF-88AC1C3E3915}.Release|x64.ActiveCfg = Release|x64
		{00F06A42-E296-4132-95DF-88AC1C3E3915}.Release|x64.Build.0 = Release|x64
		{183C638A-88F4-46D6-A2AF-844DE8FF13EA}.Debug|x64.ActiveCfg = Debug|x64
		{183C638A-88F4-46D6-A2AF-844DE8FF13EA}.Debug|x64.Build.0 = Debug|x64
		{183C638A-88F4-46D6-A2AF-844DE8FF13EA}.Release|x64.ActiveCfg = Release|x64
		{183C638A-88F4-46D6-A2AF-844DE8FF13EA}.Release|x64.Build.0 = Release|x64
		{EE03913A-8E7E-49D3-A4C1-75744ECC0616}.Debug|x64.ActiveCfg = Debug|x64
		{EE03913A-8E7E-49D3-A4C1-75744ECC0616}.Debug|x64.Build.0 = Debug|x64
		{EE03913A-8E7E-49D3-A4C1-75744ECC0616}.Release|x64.ActiveCfg = Release|x64
		{EE03913A-8E7E-49D3-A4C1-75744ECC0616}.Release|x64.Build.0 = Release|x64
		{E69CC415-FEB7-4C0B-9747-38C50E4EBFE8}.Debug|x64.ActiveCfg = Debug|x64
		{E69CC415-FEB7-4C0B-9747-38C50E4EBFE8}.Debug|x64.Build.0 = Debug|x64
		{E69CC415-FEB7-4C0B-9747-38C50E4EBFE8}.Release|x64.ActiveCfg = Release|x64
		{E69CC415-FEB7-4C0B-9747-38C50E4EBFE8}.Release|x64.Build.0 = Release|x64
		{5EE58231-8E18-43FC-856B-16B9776E0685}.Debug|x64.ActiveCfg = Debug|x64
		{5EE58231-8E18-43FC-856B-16B9776E0685}.Debug|x64.Build.0 = Debug|x64
		{5EE58231-8E18-43FC-856B-16B9776E0685}.Release|x64.ActiveCfg = Release|x64
		{5EE58231-8E18-43FC-856B-16B9776E0685}.Release|x64.Build.0 = Release|x64
		{DE0C7DE4-2D83-4DC7-A616-EB7B66ACEC22}.Debug|x64.ActiveCfg = Debug|x64
		{DE0C7DE4-2D83-4DC7-A616-EB7B66ACEC22}.Debug|x64.Build.0 = Debug|x64
		{DE0C7DE4-2D83-4DC7-A616-EB7B66ACEC22}.Release|x64.ActiveCfg = Release|x64
		{DE0C7DE4-2D83-4DC7-A616-EB7B66ACEC22}.Release|x64.Build.0 = Release|x64
		{A935D579-40BB-45D3-96E4-2B10A3AB6DBE}.Debug|x64.ActiveCfg = Debug|x64
		{A935D579-40BB-45D3-96E4-2B10A3AB6DBE}.Debug|x64.Build.0 = Debug|x64
		{A935D579-40BB-45D3-96E4-2B10A3AB6DBE}.Release|x64.ActiveCfg = Release|x64
		{A935D579-40BB-45D3-96E4-2B10A3AB6DBE}.Release|x64.Build.0 = Release|x64
		{57CD15FE-633C-42C8-B8E4-DC0D2176A029}.Debug|x64.ActiveCfg = Debug|x64
		{57CD15FE-633C-42C8-B8E4-DC0D2176A029}.Debug|x64.Build.0 = Debug|x64
		{57CD15FE-633C-42C8-B8E4-DC0D2176A029}.Release|x64.ActiveCfg = Release|x64
		{57CD15FE-633C-42C8-B8E4-DC0D2176A029}.Release|x64.Build.0 = Release|x64
		{8892E40A-CDCE-4102-8998-4551564163F3}.Debug|x64.ActiveCfg = Debug|x64
		{8892E40A-CDCE-4102-8998-4551564163F3}.Debug|x64.Build.0 = Debug|x64
		{8892E40A-CDCE-4102-8998-4551564163F3}.Release|x64.ActiveCfg = Release|x64
		{8892E40A-CDCE-4102-8998-4551564163F3}.Release|x64.Build.0 = Release|x64
		{DAE9FF89-8D24-4C30-B770-CAAD6AA86674}.Debug|x64.ActiveCfg = Debug|x64
		{DAE9FF89-8D24-4C30-B770-CAAD6AA86674}.Debug|x64.Build.0 = Debug|x64
		{DAE9FF89-8D24-4C30-B770-CAAD6AA86674}.Release|x64.ActiveCfg = Release|x64
		{DAE9FF89-8D24-4C30-B770-CAAD6AA86674}.Release|x64.Build.0 = Release|x64
		{21565194-34A2-4B43-A36A-D48F71943325}.Debug|x64.ActiveCfg = Debug|x64
		{21565194-34A2-4B43-A36A-D48F71943325}.Debug|x64.Build.0 = Debug|x64
		{21565194-34A2-4B43-A36A-D48F71943325}.Release|x64.ActiveCfg = Release|x64
		{21565194-34A2-4B43-A36A-D48F71943325}.Release|x64.Build.0 = Release|x64
		{F87861EB-EDCB-4D7D-8DCB-357F0A760035}.Debug|x64.ActiveCfg = Debug|x64
		{F87861EB-EDCB-4D7D-8DCB-357F0A760035}.Debug|x64.Build.0 = Debug|x64
		{F87861EB-EDCB-4D7D-8DCB-357F0A760035}.Release|x64.ActiveCfg = Release|x64
		{F87861EB-EDCB-4D7D-8DCB-357F0A760035}.Release|x64.Build.0 = Release|x64
		{E8BDFFDD-205B-4246-B46C-55DB01899EB1}.Debug|x64.ActiveCfg = Debug|x64
		{E8BDFFDD-205B-4246-B46C-55DB01899EB1}.Debug|x64.Build.0 = Debug|x64
		{E8BDFFDD-205B-4246-B46C-55DB01899EB1}.Release|x64.ActiveCfg = Release|x64
		{E8BDFFDD-205B-4246-B46C-55DB01899EB1}.Release|x64.Build.0 = Release|x64
		{DD218209-DDAC-4ED7-A14B-A8AEC7037406}.Debug|x64.ActiveCfg = Debug|x64
		{DD218209-DDAC-4ED7-A14B-A8AEC7037406}.Debug|x64.Build.0 = Debug|x64
		{DD218209-DDAC-4ED7-A14B-A8AEC7037406}.Release|x64.ActiveCfg = Release|x64
		{DD218209-DDAC-4ED7-A14B-A8AEC7037406}.Release|x64.Build.0 = Release|x64
		{4EEE47AA-A34C-46CF-AA88-F90B4B752E40}.Debug|x64.ActiveCfg = Debug|x64
		{4EEE47AA-A34C-46CF-AA88-F90B4B752E40}.Debug|x64.Build.0 = Debug|x64
		{4EEE47AA-A34C-46CF-AA88-F90B4B752E40}.Release|x64.ActiveCfg = Release|x64
		{4EEE47AA-A34C-46CF-AA88-F90B4B752E40}.Release|x64.Build.0 = Release|x64
	EndGlobalSection
	GlobalSection(SolutionProperties) = preSolution
		HideSolutionNode = FALSE
	EndGlobalSection
	GlobalSection(NestedProjects) = preSolution
		{02C11777-12B7-4E41-AD55-2FE0A5F0C5E4} = {2944494E-EB09-4387-9677-BB38A224A624}
		{2E8AE929-DC62-4C72-B7C7-FAEA1B5CAB12} = {53B99E64-B289-4394-8C49-241B0CB015D7}
		{DA7E3FFC-B647-404A-B083-AE510C307761} = {53B99E64-B289-4394-8C49-241B0CB015D7}
		{35BF9D30-AF8E-47DF-BA1A-D0E6BEC178EB} = {53B99E64-B289-4394-8C49-241B0CB015D7}
		{72FB21F0-EDDC-4F9D-AA2B-37DDB1181451} = {B4DB293D-352B-4733-AC07-A9B1465FB7FF}
		{C52C692B-6D5E-48AD-BC53-C0BB4DECD283} = {53B99E64-B289-4394-8C49-241B0CB015D7}
		{00F06A42-E296-4132-95DF-88AC1C3E3915} = {53B99E64-B289-4394-8C49-241B0CB015D7}
		{183C638A-88F4-46D6-A2AF-844DE8FF13EA} = {53B99E64-B289-4394-8C49-241B0CB015D7}
		{EE03913A-8E7E-49D3-A4C1-75744ECC0616} = {B5E6C855-D52D-4501-9D85-F05A17F9AB80}
		{E69CC415-FEB7-4C0B-9747-38C50E4EBFE8} = {B5E6C855-D52D-4501-9D85-F05A17F9AB80}
		{5EE58231-8E18-43FC-856B-16B9776E0685} = {53B99E64-B289-4394-8C49-241B0CB015D7}
		{DE0C7DE4-2D83-4DC7-A616-EB7B66ACEC22} = {53B99E64-B289-4394-8C49-241B0CB015D7}
		{A935D579-40BB-45D3-96E4-2B10A3AB6DBE} = {53B99E64-B289-4394-8C49-241B0CB015D7}
		{57CD15FE-633C-42C8-B8E4-DC0D2176A029} = {2944494E-EB09-4387-9677-BB38A224A624}
		{8892E40A-CDCE-4102-8998-4551564163F3} = {2944494E-EB09-4387-9677-BB38A224A624}
		{DAE9FF89-8D24-4C30-B770-CAAD6AA86674} = {53B99E64-B289-4394-8C49-241B0CB015D7}
		{21565194-34A2-4B43-A36A-D48F71943325} = {2944494E-EB09-4387-9677-BB38A224A624}
		{F87861EB-EDCB-4D7D-8DCB-357F0A760035} = {2944494E-EB09-4387-9677-BB38A224A624}
		{E8BDFFDD-205B-4246-B46C-55DB01899EB1} = {2944494E-EB09-4387-9677-BB38A224A624}
		{DD218209-DDAC-4ED7-A14B-A8AEC7037406} = {2944494E-EB09-4387-9677-BB38A224A624}
		{4EEE47AA-A34C-46CF-AA88-F90B4B752E40} = {2944494E-EB09-4387-9677-BB38A224A624}
	EndGlobalSection
	GlobalSection(ExtensibilityGlobals) = postSolution
		SolutionGuid = {2462D6EC-60E1-4B87-ABBA-B6F469E44A3A}
	EndGlobalSection
EndGlobal
